version = 1
revision = 3
requires-python = ">=3.14"

[[package]]
name = "boto3"
version = "1.43.29"
source = { registry = "https://pypi.org/simple" }
dependencies = [
    { name = "botocore" },
    { name = "jmespath" },
    { name = "s3transfer" },
]
sdist = { url = "https://files.pythonhosted.org/packages/85/a6/9c02ff00d08ea87908934351d244e35bb6fb5cbc169e1a14fc5bd80d124b/boto3-1.43.29.tar.gz", hash = "sha256:354006c512cdb87ef8214a095f2ade961c8145734475cd7a7e6b39260ff5494a", size = 113198, upload-time = "2026-06-12T19:32:23.442Z" }
wheels = [
    { url = "https://files.pythonhosted.org/packages/07/5c/f12a9978526c7068c873ccf9788161fc6af338c6a025f1354a46134a6e46/boto3-1.43.29-py3-none-any.whl", hash = "sha256:77c27ada27cdbf619a3bbc41fa9e991caef818d3a2988cf92ea722e107d90108", size = 140537, upload-time = "2026-06-12T19:32:21.682Z" },
]

[[package]]
name = "boto3-stubs"
version = "1.43.29"
source = { registry = "https://pypi.org/simple" }
dependencies = [
    { name = "botocore-stubs" },
    { name = "types-s3transfer" },
]
sdist = { url = "https://files.pythonhosted.org/packages/bd/5d/2775423ce41c2c84ce316ee6c10728da8ec9987580da600548322f18f3d8/boto3_stubs-1.43.29.tar.gz", hash = "sha256:4d7829eca11f02a652d72b353fbd81a5192ae55d9f7425b81d102a51f01d8e58", size = 103006, upload-time = "2026-06-12T20:09:21.913Z" }
wheels = [
    { url = "https://files.pythonhosted.org/packages/88/84/458a709dbc263604803b723965c2570332aaaaf7914dba20a77e1f3e885a/boto3_stubs-1.43.29-py3-none-any.whl", hash = "sha256:6c4d1766c3b310d23c107a4bd437e139181c17492a468f62cc2a89dbcd7becf3", size = 70829, upload-time = "2026-06-12T20:09:16.37Z" },
]

[package.optional-dependencies]
dynamodb = [
    { name = "mypy-boto3-dynamodb" },
]
sns = [
    { name = "mypy-boto3-sns" },
]
sqs = [
    { name = "mypy-boto3-sqs" },
]

[[package]]
name = "botocore"
version = "1.43.29"
source = { registry = "https://pypi.org/simple" }
dependencies = [
    { name = "jmespath" },
    { name = "python-dateutil" },
    { name = "urllib3" },
]
sdist = { url = "https://files.pythonhosted.org/packages/6f/54/df99c5ca5c9ef275e34b87e177782e3ca054fc35f1f462c40fe180936c81/botocore-1.43.29.tar.gz", hash = "sha256:dce39d33b707aa162aa3820975f99d7f8f746d46576169fb42ce4f2b3b56b261", size = 15512384, upload-time = "2026-06-12T19:32:13.754Z" }
wheels = [
    { url = "https://files.pythonhosted.org/packages/91/b1/aa410c22355f8f6c4ac2433db6a1c557dd959acf2953ccae4bfc37488119/botocore-1.43.29-py3-none-any.whl", hash = "sha256:5d62f2a03ed279a50207ca2824e009313df15f082b6bb591a095a4f04c7faef3", size = 15194135, upload-time = "2026-06-12T19:32:09.463Z" },
]

[[package]]
name = "botocore-stubs"
version = "1.43.14"
source = { registry = "https://pypi.org/simple" }
dependencies = [
    { name = "types-awscrt" },
]
sdist = { url = "https://files.pythonhosted.org/packages/7f/81/79693e833291c00dc89ee610e5e915381b6f08233912e28df50106840780/botocore_stubs-1.43.14.tar.gz", hash = "sha256:9e3bc1fdd51da7473f0df726c82747a1b0ae913449d629659765c247fecc2039", size = 42738, upload-time = "2026-05-25T06:06:37.484Z" }
wheels = [
    { url = "https://files.pythonhosted.org/packages/89/ca/f017727b11895908c5dedc829cf2ec35e0c4b2a26ba875db325fef2cefdf/botocore_stubs-1.43.14-py3-none-any.whl", hash = "sha256:fb98f1475c92fd718644e786b5c543a20f1b1f610e89e0a7191c3f1f429c75aa", size = 67093, upload-time = "2026-05-25T06:06:34.532Z" },
]

[[package]]
name = "jmespath"
version = "1.1.0"
source = { registry = "https://pypi.org/simple" }
sdist = { url = "https://files.pythonhosted.org/packages/d3/59/322338183ecda247fb5d1763a6cbe46eff7222eaeebafd9fa65d4bf5cb11/jmespath-1.1.0.tar.gz", hash = "sha256:472c87d80f36026ae83c6ddd0f1d05d4e510134ed462851fd5f754c8c3cbb88d", size = 27377, upload-time = "2026-01-22T16:35:26.279Z" }
wheels = [
    { url = "https://files.pythonhosted.org/packages/14/2f/967ba146e6d58cf6a652da73885f52fc68001525b4197effc174321d70b4/jmespath-1.1.0-py3-none-any.whl", hash = "sha256:a5663118de4908c91729bea0acadca56526eb2698e83de10cd116ae0f4e97c64", size = 20419, upload-time = "2026-01-22T16:35:24.919Z" },
]

[[package]]
name = "mypy-boto3-dynamodb"
version = "1.43.0"
source = { registry = "https://pypi.org/simple" }
sdist = { url = "https://files.pythonhosted.org/packages/38/41/2823aad9f3abab6104cd8aaafebabfba19927227fbc277e2289c3b915c1d/mypy_boto3_dynamodb-1.43.0.tar.gz", hash = "sha256:f0cea38e058f1d07361ecb55d8f40665d824b42cf4864724c7fccc8bf3946fcd", size = 48755, upload-time = "2026-04-29T22:59:59.119Z" }
wheels = [
    { url = "https://files.pythonhosted.org/packages/be/e2/1f63f04600fc21cb848c10ce16490252e27d812bfd5a716659283049d3a3/mypy_boto3_dynamodb-1.43.0-py3-none-any.whl", hash = "sha256:60b64d15e86d406a980d96f734d8c7fb1704668d0234dc8dabd2532c902a3ba6", size = 58873, upload-time = "2026-04-29T22:59:56.823Z" },
]

[[package]]
name = "mypy-boto3-sns"
version = "1.43.23"
source = { registry = "https://pypi.org/simple" }
sdist = { url = "https://files.pythonhosted.org/packages/41/8d/21ec0b76b6097d49635a20b4d6ebc7cc66a5da1421220dac191f1cbd98db/mypy_boto3_sns-1.43.23.tar.gz", hash = "sha256:6f8a19b64c6abf1bd623ad91be7e76ce27f2396da1f1083058921d0de4176ad1", size = 32716, upload-time = "2026-06-04T21:04:42.802Z" }
wheels = [
    { url = "https://files.pythonhosted.org/packages/99/60/6d827ba2a569fccd535b72af50966d1d2c34cd02368774c8bf119d46ad51/mypy_boto3_sns-1.43.23-py3-none-any.whl", hash = "sha256:9144245c5fecf865f3fb1b73bbb750d5284ec63c7dbfea9d270d35205eab0aa2", size = 40038, upload-time = "2026-06-04T21:04:40.8Z" },
]

[[package]]
name = "mypy-boto3-sqs"
version = "1.43.0"
source = { registry = "https://pypi.org/simple" }
sdist = { url = "https://files.pythonhosted.org/packages/42/1e/226725696a99c7dadfe8ebfba01575107fa15146029a7fb0082c650d8689/mypy_boto3_sqs-1.43.0.tar.gz", hash = "sha256:3ec8e1e651e830affcf7fe151b2e3090b8ea98d73cb069053b09ca4c7f4c8636", size = 23318, upload-time = "2026-04-29T23:06:17.614Z" }
wheels = [
    { url = "https://files.pythonhosted.org/packages/f2/5e/5d4deb1ee7aec7fcdddbca616c623f07bfc72a1cd3e80b0e2a0c39904fae/mypy_boto3_sqs-1.43.0-py3-none-any.whl", hash = "sha256:f90225486756a4041db9f056967cb3cee202264bbe57682031c1e94d83e8ca39", size = 33604, upload-time = "2026-04-29T23:06:15.339Z" },
]

[[package]]
name = "python-dateutil"
version = "2.9.0.post0"
source = { registry = "https://pypi.org/simple" }
dependencies = [
    { name = "six" },
]
sdist = { url = "https://files.pythonhosted.org/packages/66/c0/0c8b6ad9f17a802ee498c46e004a0eb49bc148f2fd230864601a86dcf6db/python-dateutil-2.9.0.post0.tar.gz", hash = "sha256:37dd54208da7e1cd875388217d5e00ebd4179249f90fb72437e91a35459a0ad3", size = 342432, upload-time = "2024-03-01T18:36:20.211Z" }
wheels = [
    { url = "https://files.pythonhosted.org/packages/ec/57/56b9bcc3c9c6a792fcbaf139543cee77261f3651ca9da0c93f5c1221264b/python_dateutil-2.9.0.post0-py2.py3-none-any.whl", hash = "sha256:a8b2bc7bffae282281c8140a97d3aa9c14da0b136dfe83f850eea9a5f7470427", size = 229892, upload-time = "2024-03-01T18:36:18.57Z" },
]

[[package]]
name = "restaurant-manager"
version = "0.1.0"
source = { virtual = "." }
dependencies = [
    { name = "boto3" },
    { name = "boto3-stubs", extra = ["dynamodb", "sns", "sqs"] },
    { name = "botocore" },
    { name = "restaurant-models" },
]

[package.metadata]
requires-dist = [
    { name = "boto3", specifier = ">=1.43.14" },
    { name = "boto3-stubs", extras = ["dynamodb", "sns", "sqs"], specifier = ">=1.43.14" },
    { name = "botocore", specifier = ">=1.43.14" },
    { name = "restaurant-models", directory = "../models" },
]

[[package]]
name = "restaurant-models"
version = "0.1.0"
source = { directory = "../models" }

[[package]]
name = "s3transfer"
version = "0.18.0"
source = { registry = "https://pypi.org/simple" }
dependencies = [
    { name = "botocore" },
]
sdist = { url = "https://files.pythonhosted.org/packages/e0/1f/12417f7f493fc45e1f9fd5d4a9b6c125cf8d2cf3f8ddbdfab3e76406e9d6/s3transfer-0.18.0.tar.gz", hash = "sha256:3760b8b7ec1315da54048b2d626276732bee4300d054d492d4e1d43e20d4ecbd", size = 160560, upload-time = "2026-05-28T19:39:09.124Z" }
wheels = [
    { url = "https://files.pythonhosted.org/packages/2b/58/a58fc997655386daa2e25784e30c288aa3e3819e401f77029ee4899fb55a/s3transfer-0.18.0-py3-none-any.whl", hash = "sha256:239c13b09e65ad0346e1be7348b8a202dcad44ac7ea7c6eb858fc881dce739b6", size = 88572, upload-time = "2026-05-28T19:39:07.999Z" },
]

[[package]]
name = "six"
version = "1.17.0"
source = { registry = "https://pypi.org/simple" }
sdist = { url = "https://files.pythonhosted.org/packages/94/e7/b2c673351809dca68a0e064b6af791aa332cf192da575fd474ed7d6f16a2/six-1.17.0.tar.gz", hash = "sha256:ff70335d468e7eb6ec65b95b99d3a2836546063f63acc5171de367e834932a81", size = 34031, upload-time = "2024-12-04T17:35:28.174Z" }
wheels = [
    { url = "https://files.pythonhosted.org/packages/b7/ce/149a00dd41f10bc29e5921b496af8b574d8413afcd5e30dfa0ed46c2cc5e/six-1.17.0-py2.py3-none-any.whl", hash = "sha256:4721f391ed90541fddacab5acf947aa0d3dc7d27b2e1e8eda2be8970586c3274", size = 11050, upload-time = "2024-12-04T17:35:26.475Z" },
]

[[package]]
name = "types-awscrt"
version = "0.34.1"
source = { registry = "https://pypi.org/simple" }
sdist = { url = "https://files.pythonhosted.org/packages/3e/59/44409a8fc06b444ab1a6f71dcb29d49a6e17e02424345eb51b051bebb345/types_awscrt-0.34.1.tar.gz", hash = "sha256:559aa04250f6a419a617dfb788f3e10903aaf74700ef23e521b64a411b83b803", size = 19062, upload-time = "2026-06-05T04:40:10.689Z" }
wheels = [
    { url = "https://files.pythonhosted.org/packages/e4/b1/214b12162b452ed6acd230065e6c587cde6b96871e3ce6d653f40888f8df/types_awscrt-0.34.1-py3-none-any.whl", hash = "sha256:20c752b6031544d8f694803c35174aee129f1be5ddf886ae46d22f7ffd9b7d75", size = 45688, upload-time = "2026-06-05T04:40:09.198Z" },
]

[[package]]
name = "types-s3transfer"
version = "0.16.0"
source = { registry = "https://pypi.org/simple" }
sdist = { url = "https://files.pythonhosted.org/packages/fe/64/42689150509eb3e6e82b33ee3d89045de1592488842ddf23c56957786d05/types_s3transfer-0.16.0.tar.gz", hash = "sha256:b4636472024c5e2b62278c5b759661efeb52a81851cde5f092f24100b1ecb443", size = 13557, upload-time = "2025-12-08T08:13:09.928Z" }
wheels = [
    { url = "https://files.pythonhosted.org/packages/98/27/e88220fe6274eccd3bdf95d9382918716d312f6f6cef6a46332d1ee2feff/types_s3transfer-0.16.0-py3-none-any.whl", hash = "sha256:1c0cd111ecf6e21437cb410f5cddb631bfb2263b77ad973e79b9c6d0cb24e0ef", size = 19247, upload-time = "2025-12-08T08:13:08.426Z" },
]

[[package]]
name = "urllib3"
version = "2.7.0"
source = { registry = "https://pypi.org/simple" }
sdist = { url = "https://files.pythonhosted.org/packages/53/0c/06f8b233b8fd13b9e5ee11424ef85419ba0d8ba0b3138bf360be2ff56953/urllib3-2.7.0.tar.gz", hash = "sha256:231e0ec3b63ceb14667c67be60f2f2c40a518cb38b03af60abc813da26505f4c", size = 433602, upload-time = "2026-05-07T16:13:18.596Z" }
wheels = [
    { url = "https://files.pythonhosted.org/packages/7f/3e/5db95bcf282c52709639744ca2a8b149baccf648e39c8cc87553df9eae0c/urllib3-2.7.0-py3-none-any.whl", hash = "sha256:9fb4c81ebbb1ce9531cce37674bbc6f1360472bc18ca9a553ede278ef7276897", size = 131087, upload-time = "2026-05-07T16:13:17.151Z" },
]
